{
  "name": "kaisunc.github.io",
  "version": "1.0.0",
  "lockfileVersion": 1,
  "requires": true,
  "dependencies": {
    "@spectrum-css/actionbar": {
      "version": "3.0.0-beta.5",
      "resolved": "https://registry.npmjs.org/@spectrum-css/actionbar/-/actionbar-3.0.0-beta.5.tgz",
      "integrity": "sha512-70smG9RQia1epPLZ3r3WljwrQQNKbVtOAN18fzWiMQiOrWdW8JWGAsjR0WMQerTxuwQ0wRMoQhxbY8wVtSarlg=="
    },
    "@spectrum-css/actiongroup": {
      "version": "1.0.0-beta.4",
      "resolved": "https://registry.npmjs.org/@spectrum-css/actiongroup/-/actiongroup-1.0.0-beta.4.tgz",
      "integrity": "sha512-dTyRUBRbjRgigE5QTmaSSoiTAuw7fmVpAq2tHuJAR1u2TCSc1UQ3WL6g+DXOHWKcqzkGSVvywgnqqX08AssbEQ=="
    },
    "@spectrum-css/alert": {
      "version": "3.0.0-beta.3",
      "resolved": "https://registry.npmjs.org/@spectrum-css/alert/-/alert-3.0.0-beta.3.tgz",
      "integrity": "sha512-diHF2w/A8TgNoxVGRTzKneFiT9mHWBz5djEmqC2/8r65xHbKi5CBnfMjTFpIMGw/wkWEzXyC9wZh8Q+HL5cjZg=="
    },
    "@spectrum-css/button": {
      "version": "3.0.0-beta.5",
      "resolved": "https://registry.npmjs.org/@spectrum-css/button/-/button-3.0.0-beta.5.tgz",
      "integrity": "sha512-z/5NWXZWhoZy5Go5SYwgfo6xcPCIZJPGjevIA9Q30/O+DcrJrwwt9iuMRCJYJ35Gs8mUAX1Oa650eBT7yoW1cQ=="
    },
    "@spectrum-css/dialog": {
      "version": "3.0.0-beta.5",
      "resolved": "https://registry.npmjs.org/@spectrum-css/dialog/-/dialog-3.0.0-beta.5.tgz",
      "integrity": "sha512-fvzGjiv0XRKjaY6rg128kxLHcZ87IMW0c/+fix9udo3uyfG0BARygALM5R10daHXFYnwcRDSQsu3VhkUcAqBMg=="
    },
    "@spectrum-css/icon": {
      "version": "2.1.1",
      "resolved": "https://registry.npmjs.org/@spectrum-css/icon/-/icon-2.1.1.tgz",
      "integrity": "sha512-Ddnjw3YTZiuJC8uVJ9x6i+ufQN+Vp4vibc+YxE7nXn8tWzT8zTRzwv6oHwSG9m+KzonTfnwqPuQx6ZA8vbK9xA=="
    },
    "@spectrum-css/page": {
      "version": "2.0.7",
      "resolved": "https://registry.npmjs.org/@spectrum-css/page/-/page-2.0.7.tgz",
      "integrity": "sha512-0e8gne8/3yuEjkbbT7F+K/E15Z2BbL/q/r+Z2KM9Kew6uLnTJawFzUPR67zcSVZw8LicWVMxVu9o5KbhEhXMcw==",
      "requires": {
        "@spectrum-css/vars": "^2.3.0"
      }
    },
    "@spectrum-css/popover": {
      "version": "3.0.0-beta.5",
      "resolved": "https://registry.npmjs.org/@spectrum-css/popover/-/popover-3.0.0-beta.5.tgz",
      "integrity": "sha512-WoKM2oY7O6UOTfb8hpjT8LzEW8mOrHSt79WNMLKlTB+yKHf62QOIT/zuXqSq4neBraBnxdHsCLbKGJw0yVW8Xg=="
    },
    "@spectrum-css/progressbar": {
      "version": "1.0.0-beta.2",
      "resolved": "https://registry.npmjs.org/@spectrum-css/progressbar/-/progressbar-1.0.0-beta.2.tgz",
      "integrity": "sha512-OJBik7WAd49JZE/z/pPy0RRySwf+1i+mgH9VVvDjoYxzzN6eKS3rvFX5FQzlHUtDYSlyaqnyoydtUkMeFQg5pA=="
    },
    "@spectrum-css/rating": {
      "version": "2.0.7",
      "resolved": "https://registry.npmjs.org/@spectrum-css/rating/-/rating-2.0.7.tgz",
      "integrity": "sha512-N/4GxraGu8gar2x1+2e4QWRzgpxbouocPDOf+/ei+TLPfJRt5TnhRxQ5aH2JXrHiuWP/mPqQL0Cqyz98ROxPuw=="
    },
    "@spectrum-css/rule": {
      "version": "3.0.0-beta.3",
      "resolved": "https://registry.npmjs.org/@spectrum-css/rule/-/rule-3.0.0-beta.3.tgz",
      "integrity": "sha512-8PRdIsz+V+BFhrug/iGDUwMkvrnwqvsPy71QqxIQZ2P14y9Mw8thI1nuyjPYveFqX859gh0n8JWPGIC9XF+xXw==",
      "requires": {
        "@spectrum-css/vars": "^2.3.0"
      }
    },
    "@spectrum-css/slider": {
      "version": "3.0.0-beta.4",
      "resolved": "https://registry.npmjs.org/@spectrum-css/slider/-/slider-3.0.0-beta.4.tgz",
      "integrity": "sha512-gjtY3y6GDAEU1lEi+HllcgA1EAItqhFa7fgNPTNwgmBJ1XQpwAMPfNPawpYN6IcL4uRLaWNKrPKGbux+2tZUUQ=="
    },
    "@spectrum-css/steplist": {
      "version": "3.0.0-beta.4",
      "resolved": "https://registry.npmjs.org/@spectrum-css/steplist/-/steplist-3.0.0-beta.4.tgz",
      "integrity": "sha512-7CV7EIuuTEri5f5si6dF4/liQ0DVosanGpgSYfCAIDV/csLVrmaCUzI2U4SRXhB7bD0kq65DcvIWsNFeRhU7jQ=="
    },
    "@spectrum-css/table": {
      "version": "3.0.0-beta.5",
      "resolved": "https://registry.npmjs.org/@spectrum-css/table/-/table-3.0.0-beta.5.tgz",
      "integrity": "sha512-hJwNPK2T7bz4mLMXSjeZN2X2RlRXoJIP6KJIsuky5s88VY5TUsqGvM7tnl7Vf8rLBQ6ZMcf/vVfDY1Oz6lnq2g=="
    },
    "@spectrum-css/toast": {
      "version": "3.0.0-beta.5",
      "resolved": "https://registry.npmjs.org/@spectrum-css/toast/-/toast-3.0.0-beta.5.tgz",
      "integrity": "sha512-OPfJ3j0BHYhAu1wPAhbh0wzt+U8ja+awpKz73R5a+jEUU2B/4wnJtOhF9qAMAFE/fZq6wmOQsiUfuf34cKi4Yw=="
    },
    "@spectrum-css/tooltip": {
      "version": "3.0.0-beta.4",
      "resolved": "https://registry.npmjs.org/@spectrum-css/tooltip/-/tooltip-3.0.0-beta.4.tgz",
      "integrity": "sha512-yhcXpDNoNz4xg5Nl4GRQU8/1dgZfacfzzC7xFkP+6qtMoW7jF9qhe2FDC8G4OO/f/h7RXftXp8R13MNYRv1DMw=="
    },
    "@spectrum-css/treeview": {
      "version": "3.0.0-beta.5",
      "resolved": "https://registry.npmjs.org/@spectrum-css/treeview/-/treeview-3.0.0-beta.5.tgz",
      "integrity": "sha512-BYF+MjOzOB5KvVgaPEgMDq1BLNI2zfERk442OlZPdyYnaoVerYfC3zisr+WKIhByu3Rbeqj2mQo/s6cK6BUDsg=="
    },
    "@spectrum-css/typography": {
      "version": "2.1.3",
      "resolved": "https://registry.npmjs.org/@spectrum-css/typography/-/typography-2.1.3.tgz",
      "integrity": "sha512-73lu0Le1zt+etNTS+kJsn+0TJzpy8aiTT6TCkVuJyUY9yxLcKXdV7mYRaz4U7jEYn39MKpndGFXkA7Qq0u16dw=="
    },
    "@spectrum-css/underlay": {
      "version": "2.0.7",
      "resolved": "https://registry.npmjs.org/@spectrum-css/underlay/-/underlay-2.0.7.tgz",
      "integrity": "sha512-KF3Yre/y89enQpoaFEwuPCx8tHTYeQJBjpxqAgamo+XS2ENz4Cbxxy+xJJX9AUiGwNe3LNKN5iSTnZ655DBmEA=="
    },
    "@spectrum-css/vars": {
      "version": "2.3.0",
      "resolved": "https://registry.npmjs.org/@spectrum-css/vars/-/vars-2.3.0.tgz",
      "integrity": "sha512-k4YwFbv9+7QzBrc3ezvGuHxI3nDTG/6qJsAmhYS1vEyxpxjKmRfiz59P+fqT12PQNjxeNYHyVz1kRgaLA6gw2w=="
    },
    "@types/node": {
      "version": "14.14.7",
      "resolved": "https://registry.npmjs.org/@types/node/-/node-14.14.7.tgz",
      "integrity": "sha512-Zw1vhUSQZYw+7u5dAwNbIA9TuTotpzY/OF7sJM9FqPOF3SPjKnxrjoTktXDZgUjybf4cWVBP7O8wvKdSaGHweg=="
    },
    "animate.css": {
      "version": "4.1.1",
      "resolved": "https://registry.npmjs.org/animate.css/-/animate.css-4.1.1.tgz",
      "integrity": "sha512-+mRmCTv6SbCmtYJCN4faJMNFVNN5EuCTTprDTAo7YzIGji2KADmakjVA3+8mVDkZ2Bf09vayB35lSQIex2+QaQ=="
    },
    "asn1": {
      "version": "0.2.3",
      "resolved": "https://registry.npmjs.org/asn1/-/asn1-0.2.3.tgz",
      "integrity": "sha1-2sh4dxPJlmhJ/IGAd36+nB3fO4Y="
    },
    "bluebird": {
      "version": "3.7.2",
      "resolved": "https://registry.npmjs.org/bluebird/-/bluebird-3.7.2.tgz",
      "integrity": "sha512-XpNj6GDQzdfW+r2Wnn7xiSAd7TM3jzkxGXBGTtWKuSXv1xUV+azxAm8jdWZN06QTQk+2N2XB9jRDkvbmQmcRtg=="
    },
    "chartjs": {
      "version": "0.3.24",
      "resolved": "https://registry.npmjs.org/chartjs/-/chartjs-0.3.24.tgz",
      "integrity": "sha1-Ot3rWuNgaz6J40bCfVLKFYQW6T0="
    },
    "crypto-js": {
      "version": "3.3.0",
      "resolved": "https://registry.npmjs.org/crypto-js/-/crypto-js-3.3.0.tgz",
      "integrity": "sha512-DIT51nX0dCfKltpRiXV+/TVZq+Qq2NgF4644+K7Ttnla7zEzqc+kjJyiB96BHNyUTBxyjzRcZYpUdZa+QAqi6Q=="
    },
    "csvtojson": {
      "version": "2.0.10",
      "resolved": "https://registry.npmjs.org/csvtojson/-/csvtojson-2.0.10.tgz",
      "integrity": "sha512-lUWFxGKyhraKCW8Qghz6Z0f2l/PqB1W3AO0HKJzGIQ5JRSlR651ekJDiGJbBT4sRNNv5ddnSGVEnsxP9XRCVpQ==",
      "requires": {
        "bluebird": "^3.5.1",
        "lodash": "^4.17.3",
        "strip-bom": "^2.0.0"
      }
    },
    "is-utf8": {
      "version": "0.2.1",
      "resolved": "https://registry.npmjs.org/is-utf8/-/is-utf8-0.2.1.tgz",
      "integrity": "sha1-Sw2hRCEE0bM2NA6AeX6GXPOffXI="
    },
    "loadicons": {
      "version": "1.0.0",
      "resolved": "https://registry.npmjs.org/loadicons/-/loadicons-1.0.0.tgz",
      "integrity": "sha512-KSywiudfuOK5sTdhNMM8hwRpMxZ5TbQlU4ZijMxUFwRW7jpxUmb9YJoLIzDn7+xuxeLzCZWBmLJS2JDjDWCpsw=="
    },
    "lodash": {
      "version": "4.17.20",
      "resolved": "https://registry.npmjs.org/lodash/-/lodash-4.17.20.tgz",
      "integrity": "sha512-PlhdFcillOINfeV7Ni6oF1TAEayyZBoZ8bcshTHqOYJYlrqzRK5hagpagky5o4HfCzzd1TRkXPMFq6cKk9rGmA=="
    },
    "moment": {
      "version": "2.29.1",
      "resolved": "https://registry.npmjs.org/moment/-/moment-2.29.1.tgz",
      "integrity": "sha512-kHmoybcPV8Sqy59DwNDY3Jefr64lK/by/da0ViFcuA4DH0vQg5Q6Ze5VimxkfQNSC+Mls/Kx53s7TjP1RhFEDQ=="
    },
    "node": {
      "version": "15.2.0",
      "resolved": "https://registry.npmjs.org/node/-/node-15.2.0.tgz",
      "integrity": "sha512-QddxYAgO338NFfVhe91Dz+5Ah/B5erarOSLHUnfidLXBKs1x9vIMfa03wgweohlma4prR48WMBGjEt2VW+qcpw==",
      "requires": {
        "node-bin-setup": "^1.0.0"
      }
    },
    "node-bin-setup": {
      "version": "1.0.6",
      "resolved": "https://registry.npmjs.org/node-bin-setup/-/node-bin-setup-1.0.6.tgz",
      "integrity": "sha512-uPIxXNis1CRbv1DwqAxkgBk5NFV3s7cMN/Gf556jSw6jBvV7ca4F9lRL/8cALcZecRibeqU+5dFYqFFmzv5a0Q=="
    },
    "node-rsa": {
      "version": "0.4.2",
      "resolved": "https://registry.npmjs.org/node-rsa/-/node-rsa-0.4.2.tgz",
      "integrity": "sha1-1jkXKewWqDDtWjgEKzFX0tXXJTA=",
      "requires": {
        "asn1": "0.2.3"
      }
    },
    "software-license-key": {
      "version": "1.0.0",
      "resolved": "https://registry.npmjs.org/software-license-key/-/software-license-key-1.0.0.tgz",
      "integrity": "sha512-cr75OtROOMJpTDhP02RT0luxWYNG2R6ldWrIamKgKl0gJLrXVFYSgLGyohhHRftJ0mji6K36AowDTdcbhFYiyQ==",
      "requires": {
        "crypto-js": "^3.1.9-1",
        "node-rsa": "^0.4.2"
      }
    },
    "strip-bom": {
      "version": "2.0.0",
      "resolved": "https://registry.npmjs.org/strip-bom/-/strip-bom-2.0.0.tgz",
      "integrity": "sha1-YhmoVhZSBJHzV4i9vxRHqZx+aw4=",
      "requires": {
        "is-utf8": "^0.2.0"
      }
    },
    "typescript": {
      "version": "4.0.5",
      "resolved": "https://registry.npmjs.org/typescript/-/typescript-4.0.5.tgz",
      "integrity": "sha512-ywmr/VrTVCmNTJ6iV2LwIrfG1P+lv6luD8sUJs+2eI9NLGigaN+nUQc13iHqisq7bra9lnmUSYqbJvegraBOPQ=="
    }
  }
}
