{
  "name": "kaisunc.github.io",
  "version": "1.0.0",
  "lockfileVersion": 1,
  "requires": true,
  "dependencies": {
    "@spectrum-css/dialog": {
      "version": "3.0.0-beta.5",
      "resolved": "https://registry.npmjs.org/@spectrum-css/dialog/-/dialog-3.0.0-beta.5.tgz",
      "integrity": "sha512-fvzGjiv0XRKjaY6rg128kxLHcZ87IMW0c/+fix9udo3uyfG0BARygALM5R10daHXFYnwcRDSQsu3VhkUcAqBMg=="
    },
    "@spectrum-css/vars": {
      "version": "2.3.0",
      "resolved": "https://registry.npmjs.org/@spectrum-css/vars/-/vars-2.3.0.tgz",
      "integrity": "sha512-k4YwFbv9+7QzBrc3ezvGuHxI3nDTG/6qJsAmhYS1vEyxpxjKmRfiz59P+fqT12PQNjxeNYHyVz1kRgaLA6gw2w=="
    },
    "typescript": {
      "version": "4.0.5",
      "resolved": "https://registry.npmjs.org/typescript/-/typescript-4.0.5.tgz",
      "integrity": "sha512-ywmr/VrTVCmNTJ6iV2LwIrfG1P+lv6luD8sUJs+2eI9NLGigaN+nUQc13iHqisq7bra9lnmUSYqbJvegraBOPQ=="
    }
  }
}
